// !$*UTF8*$!
{
	archiveVersion = 1;
	classes = {
	};
	objectVersion = 48;
	objects = {

/* Begin PBXBuildFile section */
		937C2D5E2013662000D8B6F9 /* Item.swift in Sources */ = {isa = PBXBuildFile; fileRef = 937C2D5D2013662000D8B6F9 /* Item.swift */; };
		937C2D602013662B00D8B6F9 /* Category.swift in Sources */ = {isa = PBXBuildFile; fileRef = 937C2D5F2013662B00D8B6F9 /* Category.swift */; };
		93D3BB54200B9D1C00CDFF66 /* AppDelegate.swift in Sources */ = {isa = PBXBuildFile; fileRef = 93D3BB53200B9D1C00CDFF66 /* AppDelegate.swift */; };
		93D3BB56200B9D1C00CDFF66 /* TodoListViewController.swift in Sources */ = {isa = PBXBuildFile; fileRef = 93D3BB55200B9D1C00CDFF66 /* TodoListViewController.swift */; };
		93D3BB59200B9D1C00CDFF66 /* Main.storyboard in Resources */ = {isa = PBXBuildFile; fileRef = 93D3BB57200B9D1C00CDFF66 /* Main.storyboard */; };
		93D3BB5B200B9D1C00CDFF66 /* Assets.xcassets in Resources */ = {isa = PBXBuildFile; fileRef = 93D3BB5A200B9D1C00CDFF66 /* Assets.xcassets */; };
		93D3BB5E200B9D1C00CDFF66 /* LaunchScreen.storyboard in Resources */ = {isa = PBXBuildFile; fileRef = 93D3BB5C200B9D1C00CDFF66 /* LaunchScreen.storyboard */; };
		93DA19BA2012767C00E5DBBF /* CategoryViewController.swift in Sources */ = {isa = PBXBuildFile; fileRef = 93DA19B92012767C00E5DBBF /* CategoryViewController.swift */; };
		9A40E04975A7C66A45A9071C /* Pods_Todoey.framework in Frameworks */ = {isa = PBXBuildFile; fileRef = 172D91138F1DA0CECA0EE9FB /* Pods_Todoey.framework */; };
/* End PBXBuildFile section */

/* Begin PBXFileReference section */
		1103B51A10F115726C72B00B /* Pods-Todoey.release.xcconfig */ = {isa = PBXFileReference; includeInIndex = 1; lastKnownFileType = text.xcconfig; name = "Pods-Todoey.release.xcconfig"; path = "Pods/Target Support Files/Pods-Todoey/Pods-Todoey.release.xcconfig"; sourceTree = "<group>"; };
		172D91138F1DA0CECA0EE9FB /* Pods_Todoey.framework */ = {isa = PBXFileReference; explicitFileType = wrapper.framework; includeInIndex = 0; path = Pods_Todoey.framework; sourceTree = BUILT_PRODUCTS_DIR; };
		937C2D5D2013662000D8B6F9 /* Item.swift */ = {isa = PBXFileReference; lastKnownFileType = sourcecode.swift; path = Item.swift; sourceTree = "<group>"; };
		937C2D5F2013662B00D8B6F9 /* Category.swift */ = {isa = PBXFileReference; lastKnownFileType = sourcecode.swift; path = Category.swift; sourceTree = "<group>"; };
		93D3BB50200B9D1C00CDFF66 /* Todoey.app */ = {isa = PBXFileReference; explicitFileType = wrapper.application; includeInIndex = 0; path = Todoey.app; sourceTree = BUILT_PRODUCTS_DIR; };
		93D3BB53200B9D1C00CDFF66 /* AppDelegate.swift */ = {isa = PBXFileReference; lastKnownFileType = sourcecode.swift; path = AppDelegate.swift; sourceTree = "<group>"; };
		93D3BB55200B9D1C00CDFF66 /* TodoListViewController.swift */ = {isa = PBXFileReference; lastKnownFileType = sourcecode.swift; path = TodoListViewController.swift; sourceTree = "<group>"; };
		93D3BB58200B9D1C00CDFF66 /* Base */ = {isa = PBXFileReference; lastKnownFileType = file.storyboard; name = Base; path = Base.lproj/Main.storyboard; sourceTree = "<group>"; };
		93D3BB5A200B9D1C00CDFF66 /* Assets.xcassets */ = {isa = PBXFileReference; lastKnownFileType = folder.assetcatalog; path = Assets.xcassets; sourceTree = "<group>"; };
		93D3BB5D200B9D1C00CDFF66 /* Base */ = {isa = PBXFileReference; lastKnownFileType = file.storyboard; name = Base; path = Base.lproj/LaunchScreen.storyboard; sourceTree = "<group>"; };
		93D3BB5F200B9D1C00CDFF66 /* Info.plist */ = {isa = PBXFileReference; lastKnownFileType = text.plist.xml; path = Info.plist; sourceTree = "<group>"; };
		93DA19B92012767C00E5DBBF /* CategoryViewController.swift */ = {isa = PBXFileReference; lastKnownFileType = sourcecode.swift; path = CategoryViewController.swift; sourceTree = "<group>"; };
		96FB514D29C7BD77BCC9FFA5 /* Pods-Todoey.debug.xcconfig */ = {isa = PBXFileReference; includeInIndex = 1; lastKnownFileType = text.xcconfig; name = "Pods-Todoey.debug.xcconfig"; path = "Pods/Target Support Files/Pods-Todoey/Pods-Todoey.debug.xcconfig"; sourceTree = "<group>"; };
/* End PBXFileReference section */

/* Begin PBXFrameworksBuildPhase section */
		93D3BB4D200B9D1C00CDFF66 /* Frameworks */ = {
			isa = PBXFrameworksBuildPhase;
			buildActionMask = 2147483647;
			files = (
				9A40E04975A7C66A45A9071C /* Pods_Todoey.framework in Frameworks */,
			);
			runOnlyForDeploymentPostprocessing = 0;
		};
/* End PBXFrameworksBuildPhase section */

/* Begin PBXGroup section */
		31F17001C62DBD7F9977A24F /* Pods */ = {
			isa = PBXGroup;
			children = (
				96FB514D29C7BD77BCC9FFA5 /* Pods-Todoey.debug.xcconfig */,
				1103B51A10F115726C72B00B /* Pods-Todoey.release.xcconfig */,
			);
			name = Pods;
			sourceTree = "<group>";
		};
		93D3BB47200B9D1C00CDFF66 = {
			isa = PBXGroup;
			children = (
				93D3BB52200B9D1C00CDFF66 /* Todoey */,
				93D3BB51200B9D1C00CDFF66 /* Products */,
				31F17001C62DBD7F9977A24F /* Pods */,
				EB82984015BE1CDBD0B5D64F /* Frameworks */,
			);
			sourceTree = "<group>";
		};
		93D3BB51200B9D1C00CDFF66 /* Products */ = {
			isa = PBXGroup;
			children = (
				93D3BB50200B9D1C00CDFF66 /* Todoey.app */,
			);
			name = Products;
			sourceTree = "<group>";
		};
		93D3BB52200B9D1C00CDFF66 /* Todoey */ = {
			isa = PBXGroup;
			children = (
				93D3BB53200B9D1C00CDFF66 /* AppDelegate.swift */,
				93F5657F200D282300F062E9 /* Controllers */,
				93F5657E200D280C00F062E9 /* Data Model */,
				93F56580200D283600F062E9 /* Views */,
				93F56581200D284500F062E9 /* Supporting Files */,
				93D3BB5F200B9D1C00CDFF66 /* Info.plist */,
			);
			path = Todoey;
			sourceTree = "<group>";
		};
		93F5657E200D280C00F062E9 /* Data Model */ = {
			isa = PBXGroup;
			children = (
				937C2D5F2013662B00D8B6F9 /* Category.swift */,
				937C2D5D2013662000D8B6F9 /* Item.swift */,
			);
			path = "Data Model";
			sourceTree = "<group>";
		};
		93F5657F200D282300F062E9 /* Controllers */ = {
			isa = PBXGroup;
			children = (
				93DA19B92012767C00E5DBBF /* CategoryViewController.swift */,
				93D3BB55200B9D1C00CDFF66 /* TodoListViewController.swift */,
			);
			path = Controllers;
			sourceTree = "<group>";
		};
		93F56580200D283600F062E9 /* Views */ = {
			isa = PBXGroup;
			children = (
				93D3BB57200B9D1C00CDFF66 /* Main.storyboard */,
			);
			path = Views;
			sourceTree = "<group>";
		};
		93F56581200D284500F062E9 /* Supporting Files */ = {
			isa = PBXGroup;
			children = (
				93D3BB5A200B9D1C00CDFF66 /* Assets.xcassets */,
				93D3BB5C200B9D1C00CDFF66 /* LaunchScreen.storyboard */,
			);
			path = "Supporting Files";
			sourceTree = "<group>";
		};
		EB82984015BE1CDBD0B5D64F /* Frameworks */ = {
			isa = PBXGroup;
			children = (
				172D91138F1DA0CECA0EE9FB /* Pods_Todoey.framework */,
			);
			name = Frameworks;
			sourceTree = "<group>";
		};
/* End PBXGroup section */

/* Begin PBXNativeTarget section */
		93D3BB4F200B9D1C00CDFF66 /* Todoey */ = {
			isa = PBXNativeTarget;
			buildConfigurationList = 93D3BB62200B9D1C00CDFF66 /* Build configuration list for PBXNativeTarget "Todoey" */;
			buildPhases = (
				015A1ADEE61DAE07DB75184B /* [CP] Check Pods Manifest.lock */,
				93D3BB4C200B9D1C00CDFF66 /* Sources */,
				93D3BB4D200B9D1C00CDFF66 /* Frameworks */,
				93D3BB4E200B9D1C00CDFF66 /* Resources */,
				9EF440928A76410D45C2EAC0 /* [CP] Embed Pods Frameworks */,
				6910BC47A8E6115CC4235902 /* [CP] Copy Pods Resources */,
			);
			buildRules = (
			);
			dependencies = (
			);
			name = Todoey;
			productName = Todoey;
			productReference = 93D3BB50200B9D1C00CDFF66 /* Todoey.app */;
			productType = "com.apple.product-type.application";
		};
/* End PBXNativeTarget section */

/* Begin PBXProject section */
		93D3BB48200B9D1C00CDFF66 /* Project object */ = {
			isa = PBXProject;
			attributes = {
				LastSwiftUpdateCheck = 0920;
				LastUpgradeCheck = 0920;
				ORGANIZATIONNAME = "+ismo";
				TargetAttributes = {
					93D3BB4F200B9D1C00CDFF66 = {
						CreatedOnToolsVersion = 9.2;
						ProvisioningStyle = Automatic;
					};
				};
			};
			buildConfigurationList = 93D3BB4B200B9D1C00CDFF66 /* Build configuration list for PBXProject "Todoey" */;
			compatibilityVersion = "Xcode 8.0";
			developmentRegion = en;
			hasScannedForEncodings = 0;
			knownRegions = (
				en,
				Base,
			);
			mainGroup = 93D3BB47200B9D1C00CDFF66;
			productRefGroup = 93D3BB51200B9D1C00CDFF66 /* Products */;
			projectDirPath = "";
			projectRoot = "";
			targets = (
				93D3BB4F200B9D1C00CDFF66 /* Todoey */,
			);
		};
/* End PBXProject section */

/* Begin PBXResourcesBuildPhase section */
		93D3BB4E200B9D1C00CDFF66 /* Resources */ = {
			isa = PBXResourcesBuildPhase;
			buildActionMask = 2147483647;
			files = (
				93D3BB5E200B9D1C00CDFF66 /* LaunchScreen.storyboard in Resources */,
				93D3BB5B200B9D1C00CDFF66 /* Assets.xcassets in Resources */,
				93D3BB59200B9D1C00CDFF66 /* Main.storyboard in Resources */,
			);
			runOnlyForDeploymentPostprocessing = 0;
		};
/* End PBXResourcesBuildPhase section */

/* Begin PBXShellScriptBuildPhase section */
		015A1ADEE61DAE07DB75184B /* [CP] Check Pods Manifest.lock */ = {
			isa = PBXShellScriptBuildPhase;
			buildActionMask = 2147483647;
			files = (
			);
			inputPaths = (
				"${PODS_PODFILE_DIR_PATH}/Podfile.lock",
				"${PODS_ROOT}/Manifest.lock",
			);
			name = "[CP] Check Pods Manifest.lock";
			outputPaths = (
				"$(DERIVED_FILE_DIR)/Pods-Todoey-checkManifestLockResult.txt",
			);
			runOnlyForDeploymentPostprocessing = 0;
			shellPath = /bin/sh;
			shellScript = "diff \"${PODS_PODFILE_DIR_PATH}/Podfile.lock\" \"${PODS_ROOT}/Manifest.lock\" > /dev/null\nif [ $? != 0 ] ; then\n    # print error to STDERR\n    echo \"error: The sandbox is not in sync with the Podfile.lock. Run 'pod install' or update your CocoaPods installation.\" >&2\n    exit 1\nfi\n# This output is used by Xcode 'outputs' to avoid re-running this script phase.\necho \"SUCCESS\" > \"${SCRIPT_OUTPUT_FILE_0}\"\n";
			showEnvVarsInLog = 0;
		};
		6910BC47A8E6115CC4235902 /* [CP] Copy Pods Resources */ = {
			isa = PBXShellScriptBuildPhase;
			buildActionMask = 2147483647;
			files = (
			);
			inputPaths = (
			);
			name = "[CP] Copy Pods Resources";
			outputPaths = (
			);
			runOnlyForDeploymentPostprocessing = 0;
			shellPath = /bin/sh;
			shellScript = "\"${SRCROOT}/Pods/Target Support Files/Pods-Todoey/Pods-Todoey-resources.sh\"\n";
			showEnvVarsInLog = 0;
		};
		9EF440928A76410D45C2EAC0 /* [CP] Embed Pods Frameworks */ = {
			isa = PBXShellScriptBuildPhase;
			buildActionMask = 2147483647;
			files = (
			);
			inputPaths = (
				"${SRCROOT}/Pods/Target Support Files/Pods-Todoey/Pods-Todoey-frameworks.sh",
				"${BUILT_PRODUCTS_DIR}/Realm/Realm.framework",
				"${BUILT_PRODUCTS_DIR}/RealmSwift/RealmSwift.framework",
			);
			name = "[CP] Embed Pods Frameworks";
			outputPaths = (
				"${TARGET_BUILD_DIR}/${FRAMEWORKS_FOLDER_PATH}/Realm.framework",
				"${TARGET_BUILD_DIR}/${FRAMEWORKS_FOLDER_PATH}/RealmSwift.framework",
			);
			runOnlyForDeploymentPostprocessing = 0;
			shellPath = /bin/sh;
			shellScript = "\"${SRCROOT}/Pods/Target Support Files/Pods-Todoey/Pods-Todoey-frameworks.sh\"\n";
			showEnvVarsInLog = 0;
		};
/* End PBXShellScriptBuildPhase section */

/* Begin PBXSourcesBuildPhase section */
		93D3BB4C200B9D1C00CDFF66 /* Sources */ = {
			isa = PBXSourcesBuildPhase;
			buildActionMask = 2147483647;
			files = (
				937C2D5E2013662000D8B6F9 /* Item.swift in Sources */,
				93DA19BA2012767C00E5DBBF /* CategoryViewController.swift in Sources */,
				93D3BB56200B9D1C00CDFF66 /* TodoListViewController.swift in Sources */,
				93D3BB54200B9D1C00CDFF66 /* AppDelegate.swift in Sources */,
				937C2D602013662B00D8B6F9 /* Category.swift in Sources */,
			);
			runOnlyForDeploymentPostprocessing = 0;
		};
/* End PBXSourcesBuildPhase section */

/* Begin PBXVariantGroup section */
		93D3BB57200B9D1C00CDFF66 /* Main.storyboard */ = {
			isa = PBXVariantGroup;
			children = (
				93D3BB58200B9D1C00CDFF66 /* Base */,
			);
			name = Main.storyboard;
			sourceTree = "<group>";
		};
		93D3BB5C200B9D1C00CDFF66 /* LaunchScreen.storyboard */ = {
			isa = PBXVariantGroup;
			children = (
				93D3BB5D200B9D1C00CDFF66 /* Base */,
			);
			name = LaunchScreen.storyboard;
			sourceTree = "<group>";
		};
/* End PBXVariantGroup section */

/* Begin XCBuildConfiguration section */
		93D3BB60200B9D1C00CDFF66 /* Debug */ = {
			isa = XCBuildConfiguration;
			buildSettings = {
				ALWAYS_SEARCH_USER_PATHS = NO;
				CLANG_ANALYZER_NONNULL = YES;
				CLANG_ANALYZER_NUMBER_OBJECT_CONVERSION = YES_AGGRESSIVE;
				CLANG_CXX_LANGUAGE_STANDARD = "gnu++14";
				CLANG_CXX_LIBRARY = "libc++";
				CLANG_ENABLE_MODULES = YES;
				CLANG_ENABLE_OBJC_ARC = YES;
				CLANG_WARN_BLOCK_CAPTURE_AUTORELEASING = YES;
				CLANG_WARN_BOOL_CONVERSION = YES;
				CLANG_WARN_COMMA = YES;
				CLANG_WARN_CONSTANT_CONVERSION = YES;
				CLANG_WARN_DIRECT_OBJC_ISA_USAGE = YES_ERROR;
				CLANG_WARN_DOCUMENTATION_COMMENTS = YES;
				CLANG_WARN_EMPTY_BODY = YES;
				CLANG_WARN_ENUM_CONVERSION = YES;
				CLANG_WARN_INFINITE_RECURSION = YES;
				CLANG_WARN_INT_CONVERSION = YES;
				CLANG_WARN_NON_LITERAL_NULL_CONVERSION = YES;
				CLANG_WARN_OBJC_LITERAL_CONVERSION = YES;
				CLANG_WARN_OBJC_ROOT_CLASS = YES_ERROR;
				CLANG_WARN_RANGE_LOOP_ANALYSIS = YES;
				CLANG_WARN_STRICT_PROTOTYPES = YES;
				CLANG_WARN_SUSPICIOUS_MOVE = YES;
				CLANG_WARN_UNGUARDED_AVAILABILITY = YES_AGGRESSIVE;
				CLANG_WARN_UNREACHABLE_CODE = YES;
				CLANG_WARN__DUPLICATE_METHOD_MATCH = YES;
				CODE_SIGN_IDENTITY = "iPhone Developer";
				COPY_PHASE_STRIP = NO;
				DEBUG_INFORMATION_FORMAT = dwarf;
				ENABLE_STRICT_OBJC_MSGSEND = YES;
				ENABLE_TESTABILITY = YES;
				GCC_C_LANGUAGE_STANDARD = gnu11;
				GCC_DYNAMIC_NO_PIC = NO;
				GCC_NO_COMMON_BLOCKS = YES;
				GCC_OPTIMIZATION_LEVEL = 0;
				GCC_PREPROCESSOR_DEFINITIONS = (
					"DEBUG=1",
					"$(inherited)",
				);
				GCC_WARN_64_TO_32_BIT_CONVERSION = YES;
				GCC_WARN_ABOUT_RETURN_TYPE = YES_ERROR;
				GCC_WARN_UNDECLARED_SELECTOR = YES;
				GCC_WARN_UNINITIALIZED_AUTOS = YES_AGGRESSIVE;
				GCC_WARN_UNUSED_FUNCTION = YES;
				GCC_WARN_UNUSED_VARIABLE = YES;
				IPHONEOS_DEPLOYMENT_TARGET = 11.2;
				MTL_ENABLE_DEBUG_INFO = YES;
				ONLY_ACTIVE_ARCH = YES;
				SDKROOT = iphoneos;
				SWIFT_ACTIVE_COMPILATION_CONDITIONS = DEBUG;
				SWIFT_OPTIMIZATION_LEVEL = "-Onone";
			};
			name = Debug;
		};
		93D3BB61200B9D1C00CDFF66 /* Release */ = {
			isa = XCBuildConfiguration;
			buildSettings = {
				ALWAYS_SEARCH_USER_PATHS = NO;
				CLANG_ANALYZER_NONNULL = YES;
				CLANG_ANALYZER_NUMBER_OBJECT_CONVERSION = YES_AGGRESSIVE;
				CLANG_CXX_LANGUAGE_STANDARD = "gnu++14";
				CLANG_CXX_LIBRARY = "libc++";
				CLANG_ENABLE_MODULES = YES;
				CLANG_ENABLE_OBJC_ARC = YES;
				CLANG_WARN_BLOCK_CAPTURE_AUTORELEASING = YES;
				CLANG_WARN_BOOL_CONVERSION = YES;
				CLANG_WARN_COMMA = YES;
				CLANG_WARN_CONSTANT_CONVERSION = YES;
				CLANG_WARN_DIRECT_OBJC_ISA_USAGE = YES_ERROR;
				CLANG_WARN_DOCUMENTATION_COMMENTS = YES;
				CLANG_WARN_EMPTY_BODY = YES;
				CLANG_WARN_ENUM_CONVERSION = YES;
				CLANG_WARN_INFINITE_RECURSION = YES;
				CLANG_WARN_INT_CONVERSION = YES;
				CLANG_WARN_NON_LITERAL_NULL_CONVERSION = YES;
				CLANG_WARN_OBJC_LITERAL_CONVERSION = YES;
				CLANG_WARN_OBJC_ROOT_CLASS = YES_ERROR;
				CLANG_WARN_RANGE_LOOP_ANALYSIS = YES;
				CLANG_WARN_STRICT_PROTOTYPES = YES;
				CLANG_WARN_SUSPICIOUS_MOVE = YES;
				CLANG_WARN_UNGUARDED_AVAILABILITY = YES_AGGRESSIVE;
				CLANG_WARN_UNREACHABLE_CODE = YES;
				CLANG_WARN__DUPLICATE_METHOD_MATCH = YES;
				CODE_SIGN_IDENTITY = "iPhone Developer";
				COPY_PHASE_STRIP = NO;
				DEBUG_INFORMATION_FORMAT = "dwarf-with-dsym";
				ENABLE_NS_ASSERTIONS = NO;
				ENABLE_STRICT_OBJC_MSGSEND = YES;
				GCC_C_LANGUAGE_STANDARD = gnu11;
				GCC_NO_COMMON_BLOCKS = YES;
				GCC_WARN_64_TO_32_BIT_CONVERSION = YES;
				GCC_WARN_ABOUT_RETURN_TYPE = YES_ERROR;
				GCC_WARN_UNDECLARED_SELECTOR = YES;
				GCC_WARN_UNINITIALIZED_AUTOS = YES_AGGRESSIVE;
				GCC_WARN_UNUSED_FUNCTION = YES;
				GCC_WARN_UNUSED_VARIABLE = YES;
				IPHONEOS_DEPLOYMENT_TARGET = 11.2;
				MTL_ENABLE_DEBUG_INFO = NO;
				SDKROOT = iphoneos;
				SWIFT_OPTIMIZATION_LEVEL = "-Owholemodule";
				VALIDATE_PRODUCT = YES;
			};
			name = Release;
		};
		93D3BB63200B9D1C00CDFF66 /* Debug */ = {
			isa = XCBuildConfiguration;
			baseConfigurationReference = 96FB514D29C7BD77BCC9FFA5 /* Pods-Todoey.debug.xcconfig */;
			buildSettings = {
				ASSETCATALOG_COMPILER_APPICON_NAME = AppIcon;
				CODE_SIGN_STYLE = Automatic;
				DEVELOPMENT_TEAM = 669B3HBSYE;
				INFOPLIST_FILE = Todoey/Info.plist;
				LD_RUNPATH_SEARCH_PATHS = "$(inherited) @executable_path/Frameworks";
				PRODUCT_BUNDLE_IDENTIFIER = com.plusismo.Todoey;
				PRODUCT_NAME = "$(TARGET_NAME)";
				SWIFT_VERSION = 4.0;
				TARGETED_DEVICE_FAMILY = "1,2";
			};
			name = Debug;
		};
		93D3BB64200B9D1C00CDFF66 /* Release */ = {
			isa = XCBuildConfiguration;
			baseConfigurationReference = 1103B51A10F115726C72B00B /* Pods-Todoey.release.xcconfig */;
			buildSettings = {
				ASSETCATALOG_COMPILER_APPICON_NAME = AppIcon;
				CODE_SIGN_STYLE = Automatic;
				DEVELOPMENT_TEAM = 669B3HBSYE;
				INFOPLIST_FILE = Todoey/Info.plist;
				LD_RUNPATH_SEARCH_PATHS = "$(inherited) @executable_path/Frameworks";
				PRODUCT_BUNDLE_IDENTIFIER = com.plusismo.Todoey;
				PRODUCT_NAME = "$(TARGET_NAME)";
				SWIFT_VERSION = 4.0;
				TARGETED_DEVICE_FAMILY = "1,2";
			};
			name = Release;
		};
/* End XCBuildConfiguration section */

/* Begin XCConfigurationList section */
		93D3BB4B200B9D1C00CDFF66 /* Build configuration list for PBXProject "Todoey" */ = {
			isa = XCConfigurationList;
			buildConfigurations = (
				93D3BB60200B9D1C00CDFF66 /* Debug */,
				93D3BB61200B9D1C00CDFF66 /* Release */,
			);
			defaultConfigurationIsVisible = 0;
			defaultConfigurationName = Release;
		};
		93D3BB62200B9D1C00CDFF66 /* Build configuration list for PBXNativeTarget "Todoey" */ = {
			isa = XCConfigurationList;
			buildConfigurations = (
				93D3BB63200B9D1C00CDFF66 /* Debug */,
				93D3BB64200B9D1C00CDFF66 /* Release */,
			);
			defaultConfigurationIsVisible = 0;
			defaultConfigurationName = Release;
		};
/* End XCConfigurationList section */
	};
	rootObject = 93D3BB48200B9D1C00CDFF66 /* Project object */;
}
